{
  "name": "blog-backend",
  "version": "0.0.0",
  "lockfileVersion": 1,
  "requires": true,
  "dependencies": {
    "bcrypt": {
      "version": "5.0.1",
      "resolved": "https://registry.npm.taobao.org/bcrypt/download/bcrypt-5.0.1.tgz?cache=0&sync_timestamp=1614316744660&other_urls=https%3A%2F%2Fregistry.npm.taobao.org%2Fbcrypt%2Fdownload%2Fbcrypt-5.0.1.tgz",
      "dev": true,
      "dependencies": {
        "@mapbox/node-pre-gyp": {
          "version": "https://registry.npm.taobao.org/@mapbox/node-pre-gyp/download/@mapbox/node-pre-gyp-1.0.0.tgz",
          "dependencies": {
            "detect-libc": {
              "version": "https://registry.npm.taobao.org/detect-libc/download/detect-libc-1.0.3.tgz",
              "bundled": true
            },
            "http-proxy-agent": {
              "version": "https://registry.npm.taobao.org/http-proxy-agent/download/http-proxy-agent-4.0.1.tgz",
              "bundled": true
            },
            "mkdirp": {
              "version": "https://registry.npm.taobao.org/mkdirp/download/mkdirp-1.0.4.tgz?cache=0&sync_timestamp=1587535418745&other_urls=https%3A%2F%2Fregistry.npm.taobao.org%2Fmkdirp%2Fdownload%2Fmkdirp-1.0.4.tgz",
              "bundled": true
            },
            "node-fetch": {
              "version": "https://registry.npm.taobao.org/node-fetch/download/node-fetch-2.6.1.tgz",
              "bundled": true
            },
            "nopt": {
              "version": "https://registry.npm.taobao.org/nopt/download/nopt-5.0.0.tgz",
              "bundled": true
            },
            "npmlog": {
              "version": "https://registry.npm.taobao.org/npmlog/download/npmlog-4.1.2.tgz",
              "bundled": true
            },
            "rimraf": {
              "version": "https://registry.npm.taobao.org/rimraf/download/rimraf-3.0.2.tgz",
              "bundled": true,
              "dependencies": {
                "glob": {
                  "version": "https://registry.npm.taobao.org/glob/download/glob-7.1.6.tgz",
                  "bundled": true
                }
              }
            },
            "semver": {
              "version": "https://registry.npm.taobao.org/semver/download/semver-7.3.4.tgz?cache=0&sync_timestamp=1606854311104&other_urls=https%3A%2F%2Fregistry.npm.taobao.org%2Fsemver%2Fdownload%2Fsemver-7.3.4.tgz",
              "bundled": true,
              "dependencies": {
                "lru-cache": {
                  "version": "https://registry.npm.taobao.org/lru-cache/download/lru-cache-6.0.0.tgz",
                  "bundled": true
                }
              }
            },
            "tar": {
              "version": "https://registry.npm.taobao.org/tar/download/tar-6.1.0.tgz?cache=0&sync_timestamp=1610045923587&other_urls=https%3A%2F%2Fregistry.npm.taobao.org%2Ftar%2Fdownload%2Ftar-6.1.0.tgz",
              "bundled": true
            }
          }
        },
        "node-addon-api": {
          "version": "https://registry.npm.taobao.org/node-addon-api/download/node-addon-api-3.1.0.tgz"
        }
      }
    },
    "bcryptjs": {
      "version": "2.4.3",
      "resolved": "https://registry.npm.taobao.org/bcryptjs/download/bcryptjs-2.4.3.tgz?cache=0&sync_timestamp=1604074367623&other_urls=https%3A%2F%2Fregistry.npm.taobao.org%2Fbcryptjs%2Fdownload%2Fbcryptjs-2.4.3.tgz",
      "dev": true
    },
    "boom": {
      "version": "7.3.0",
      "resolved": "https://registry.npm.taobao.org/boom/download/boom-7.3.0.tgz",
      "dev": true,
      "dependencies": {
        "hoek": {
          "version": "https://registry.npm.taobao.org/hoek/download/hoek-6.1.3.tgz",
          "bundled": true
        }
      }
    },
    "cheerio": {
      "version": "1.0.0-rc.5",
      "resolved": "https://registry.npm.taobao.org/cheerio/download/cheerio-1.0.0-rc.5.tgz",
      "dev": true,
      "dependencies": {
        "cheerio-select-tmp": {
          "version": "https://registry.npm.taobao.org/cheerio-select-tmp/download/cheerio-select-tmp-0.1.1.tgz",
          "bundled": true
        },
        "dom-serializer": {
          "version": "https://registry.npm.taobao.org/dom-serializer/download/dom-serializer-1.2.0.tgz?cache=0&sync_timestamp=1607193164097&other_urls=https%3A%2F%2Fregistry.npm.taobao.org%2Fdom-serializer%2Fdownload%2Fdom-serializer-1.2.0.tgz",
          "bundled": true,
          "dependencies": {
            "domelementtype": {
              "version": "https://registry.npm.taobao.org/domelementtype/download/domelementtype-2.1.0.tgz?cache=0&sync_timestamp=1606866045277&other_urls=https%3A%2F%2Fregistry.npm.taobao.org%2Fdomelementtype%2Fdownload%2Fdomelementtype-2.1.0.tgz",
              "bundled": true
            },
            "domhandler": {
              "version": "https://registry.npm.taobao.org/domhandler/download/domhandler-4.0.0.tgz?cache=0&sync_timestamp=1606872237350&other_urls=https%3A%2F%2Fregistry.npm.taobao.org%2Fdomhandler%2Fdownload%2Fdomhandler-4.0.0.tgz",
              "bundled": true,
              "dependencies": {
                "domelementtype": {
                  "version": "https://registry.npm.taobao.org/domelementtype/download/domelementtype-2.1.0.tgz?cache=0&sync_timestamp=1606866045277&other_urls=https%3A%2F%2Fregistry.npm.taobao.org%2Fdomelementtype%2Fdownload%2Fdomelementtype-2.1.0.tgz"
                }
              }
            },
            "entities": {
              "version": "https://registry.npm.taobao.org/entities/download/entities-2.2.0.tgz?cache=0&sync_timestamp=1611535326982&other_urls=https%3A%2F%2Fregistry.npm.taobao.org%2Fentities%2Fdownload%2Fentities-2.2.0.tgz",
              "bundled": true
            }
          }
        },
        "domhandler": {
          "version": "https://registry.npm.taobao.org/domhandler/download/domhandler-4.0.0.tgz?cache=0&sync_timestamp=1606872237350&other_urls=https%3A%2F%2Fregistry.npm.taobao.org%2Fdomhandler%2Fdownload%2Fdomhandler-4.0.0.tgz",
          "bundled": true,
          "dependencies": {
            "domelementtype": {
              "version": "https://registry.npm.taobao.org/domelementtype/download/domelementtype-2.1.0.tgz?cache=0&sync_timestamp=1606866045277&other_urls=https%3A%2F%2Fregistry.npm.taobao.org%2Fdomelementtype%2Fdownload%2Fdomelementtype-2.1.0.tgz"
            }
          }
        },
        "entities": {
          "version": "https://registry.npm.taobao.org/entities/download/entities-2.1.0.tgz?cache=0&sync_timestamp=1611535326982&other_urls=https%3A%2F%2Fregistry.npm.taobao.org%2Fentities%2Fdownload%2Fentities-2.1.0.tgz",
          "bundled": true
        },
        "htmlparser2": {
          "version": "https://registry.npm.taobao.org/htmlparser2/download/htmlparser2-6.0.0.tgz?cache=0&sync_timestamp=1607394242051&other_urls=https%3A%2F%2Fregistry.npm.taobao.org%2Fhtmlparser2%2Fdownload%2Fhtmlparser2-6.0.0.tgz",
          "bundled": true
        },
        "parse5": {
          "version": "https://registry.npm.taobao.org/parse5/download/parse5-6.0.1.tgz",
          "bundled": true
        },
        "parse5-htmlparser2-tree-adapter": {
          "version": "https://registry.npm.taobao.org/parse5-htmlparser2-tree-adapter/download/parse5-htmlparser2-tree-adapter-6.0.1.tgz",
          "bundled": true
        }
      }
    },
    "cookie-parser": {
      "version": "1.4.5",
      "resolved": "https://registry.npm.taobao.org/cookie-parser/download/cookie-parser-1.4.5.tgz",
      "dependencies": {
        "cookie": {
          "version": "https://registry.npm.taobao.org/cookie/download/cookie-0.4.0.tgz",
          "bundled": true
        },
        "cookie-signature": {
          "version": "https://registry.npm.taobao.org/cookie-signature/download/cookie-signature-1.0.6.tgz",
          "bundled": true
        }
      }
    },
    "cors": {
      "version": "2.8.5",
      "resolved": "https://registry.npm.taobao.org/cors/download/cors-2.8.5.tgz?cache=0&sync_timestamp=1604074394593&other_urls=https%3A%2F%2Fregistry.npm.taobao.org%2Fcors%2Fdownload%2Fcors-2.8.5.tgz",
      "dev": true,
      "dependencies": {
        "object-assign": {
          "version": "https://registry.npm.taobao.org/object-assign/download/object-assign-4.1.1.tgz",
          "bundled": true
        },
        "vary": {
          "version": "https://registry.npm.taobao.org/vary/download/vary-1.1.2.tgz",
          "bundled": true
        }
      }
    },
    "debug": {
      "version": "2.6.9",
      "resolved": "https://registry.npm.taobao.org/debug/download/debug-2.6.9.tgz?cache=0&sync_timestamp=1607566548985&other_urls=https%3A%2F%2Fregistry.npm.taobao.org%2Fdebug%2Fdownload%2Fdebug-2.6.9.tgz",
      "dependencies": {
        "ms": {
          "version": "https://registry.npm.taobao.org/ms/download/ms-2.0.0.tgz?cache=0&sync_timestamp=1607433912031&other_urls=https%3A%2F%2Fregistry.npm.taobao.org%2Fms%2Fdownload%2Fms-2.0.0.tgz",
          "bundled": true
        }
      }
    },
    "ejs": {
      "version": "2.6.2",
      "resolved": "https://registry.npm.taobao.org/ejs/download/ejs-2.6.2.tgz?cache=0&sync_timestamp=1612644037163&other_urls=https%3A%2F%2Fregistry.npm.taobao.org%2Fejs%2Fdownload%2Fejs-2.6.2.tgz"
    },
    "express": {
      "version": "4.16.4",
      "resolved": "https://registry.npm.taobao.org/express/download/express-4.16.4.tgz",
      "requires": {
        "debug": "2.6.9"
      },
      "dependencies": {
        "accepts": {
          "version": "https://registry.npm.taobao.org/accepts/download/accepts-1.3.7.tgz",
          "bundled": true
        },
        "array-flatten": {
          "version": "https://registry.npm.taobao.org/array-flatten/download/array-flatten-1.1.1.tgz",
          "bundled": true
        },
        "body-parser": {
          "version": "https://registry.npm.taobao.org/body-parser/download/body-parser-1.18.3.tgz",
          "bundled": true,
          "dependencies": {
            "bytes": {
              "version": "https://registry.npm.taobao.org/bytes/download/bytes-3.0.0.tgz"
            },
            "content-type": {
              "version": "https://registry.npm.taobao.org/content-type/download/content-type-1.0.4.tgz"
            },
            "debug": {
              "version": "https://registry.npm.taobao.org/debug/download/debug-2.6.9.tgz?cache=0&sync_timestamp=1607566548985&other_urls=https%3A%2F%2Fregistry.npm.taobao.org%2Fdebug%2Fdownload%2Fdebug-2.6.9.tgz"
            },
            "depd": {
              "version": "https://registry.npm.taobao.org/depd/download/depd-1.1.2.tgz"
            },
            "http-errors": {
              "version": "https://registry.npm.taobao.org/http-errors/download/http-errors-1.6.3.tgz",
              "dependencies": {
                "depd": {
                  "version": "https://registry.npm.taobao.org/depd/download/depd-1.1.2.tgz"
                },
                "inherits": {
                  "version": "https://registry.npm.taobao.org/inherits/download/inherits-2.0.3.tgz"
                },
                "setprototypeof": {
                  "version": "https://registry.npm.taobao.org/setprototypeof/download/setprototypeof-1.1.0.tgz"
                },
                "statuses": {
                  "version": "https://registry.npm.taobao.org/statuses/download/statuses-1.5.0.tgz?cache=0&sync_timestamp=1609654060878&other_urls=https%3A%2F%2Fregistry.npm.taobao.org%2Fstatuses%2Fdownload%2Fstatuses-1.5.0.tgz"
                }
              }
            },
            "iconv-lite": {
              "version": "https://registry.npm.taobao.org/iconv-lite/download/iconv-lite-0.4.23.tgz",
              "dependencies": {
                "safer-buffer": {
                  "version": "https://registry.npm.taobao.org/safer-buffer/download/safer-buffer-2.1.2.tgz"
                }
              }
            },
            "on-finished": {
              "version": "https://registry.npm.taobao.org/on-finished/download/on-finished-2.3.0.tgz",
              "dependencies": {
                "ee-first": {
                  "version": "https://registry.npm.taobao.org/ee-first/download/ee-first-1.1.1.tgz"
                }
              }
            },
            "qs": {
              "version": "https://registry.npm.taobao.org/qs/download/qs-6.5.2.tgz?cache=0&sync_timestamp=1610598111557&other_urls=https%3A%2F%2Fregistry.npm.taobao.org%2Fqs%2Fdownload%2Fqs-6.5.2.tgz"
            },
            "raw-body": {
              "version": "https://registry.npm.taobao.org/raw-body/download/raw-body-2.3.3.tgz"
            },
            "type-is": {
              "version": "https://registry.npm.taobao.org/type-is/download/type-is-1.6.18.tgz"
            }
          }
        },
        "content-disposition": {
          "version": "https://registry.npm.taobao.org/content-disposition/download/content-disposition-0.5.2.tgz",
          "bundled": true
        },
        "content-type": {
          "version": "https://registry.npm.taobao.org/content-type/download/content-type-1.0.4.tgz",
          "bundled": true
        },
        "cookie": {
          "version": "https://registry.npm.taobao.org/cookie/download/cookie-0.3.1.tgz",
          "bundled": true
        },
        "cookie-signature": {
          "version": "https://registry.npm.taobao.org/cookie-signature/download/cookie-signature-1.0.6.tgz",
          "bundled": true
        },
        "debug": {
          "version": "https://registry.npm.taobao.org/debug/download/debug-2.6.9.tgz?cache=0&sync_timestamp=1607566548985&other_urls=https%3A%2F%2Fregistry.npm.taobao.org%2Fdebug%2Fdownload%2Fdebug-2.6.9.tgz",
          "bundled": true,
          "dependencies": {
            "ms": {
              "version": "https://registry.npm.taobao.org/ms/download/ms-2.0.0.tgz?cache=0&sync_timestamp=1607433912031&other_urls=https%3A%2F%2Fregistry.npm.taobao.org%2Fms%2Fdownload%2Fms-2.0.0.tgz",
              "bundled": true
            }
          }
        },
        "depd": {
          "version": "https://registry.npm.taobao.org/depd/download/depd-1.1.2.tgz",
          "bundled": true
        },
        "encodeurl": {
          "version": "https://registry.npm.taobao.org/encodeurl/download/encodeurl-1.0.2.tgz",
          "bundled": true
        },
        "escape-html": {
          "version": "https://registry.npm.taobao.org/escape-html/download/escape-html-1.0.3.tgz",
          "bundled": true
        },
        "etag": {
          "version": "https://registry.npm.taobao.org/etag/download/etag-1.8.1.tgz",
          "bundled": true
        },
        "finalhandler": {
          "version": "https://registry.npm.taobao.org/finalhandler/download/finalhandler-1.1.1.tgz",
          "bundled": true
        },
        "fresh": {
          "version": "https://registry.npm.taobao.org/fresh/download/fresh-0.5.2.tgz",
          "bundled": true
        },
        "merge-descriptors": {
          "version": "https://registry.npm.taobao.org/merge-descriptors/download/merge-descriptors-1.0.1.tgz",
          "bundled": true
        },
        "methods": {
          "version": "https://registry.npm.taobao.org/methods/download/methods-1.1.2.tgz",
          "bundled": true
        },
        "on-finished": {
          "version": "https://registry.npm.taobao.org/on-finished/download/on-finished-2.3.0.tgz",
          "bundled": true,
          "dependencies": {
            "ee-first": {
              "version": "https://registry.npm.taobao.org/ee-first/download/ee-first-1.1.1.tgz"
            }
          }
        },
        "parseurl": {
          "version": "https://registry.npm.taobao.org/parseurl/download/parseurl-1.3.3.tgz",
          "bundled": true
        },
        "path-to-regexp": {
          "version": "https://registry.npm.taobao.org/path-to-regexp/download/path-to-regexp-0.1.7.tgz",
          "bundled": true
        },
        "proxy-addr": {
          "version": "https://registry.npm.taobao.org/proxy-addr/download/proxy-addr-2.0.6.tgz",
          "bundled": true
        },
        "qs": {
          "version": "https://registry.npm.taobao.org/qs/download/qs-6.5.2.tgz?cache=0&sync_timestamp=1610598111557&other_urls=https%3A%2F%2Fregistry.npm.taobao.org%2Fqs%2Fdownload%2Fqs-6.5.2.tgz",
          "bundled": true
        },
        "range-parser": {
          "version": "https://registry.npm.taobao.org/range-parser/download/range-parser-1.2.1.tgz",
          "bundled": true
        },
        "safe-buffer": {
          "version": "https://registry.npm.taobao.org/safe-buffer/download/safe-buffer-5.1.2.tgz",
          "bundled": true
        },
        "send": {
          "version": "https://registry.npm.taobao.org/send/download/send-0.16.2.tgz",
          "bundled": true
        },
        "serve-static": {
          "version": "https://registry.npm.taobao.org/serve-static/download/serve-static-1.13.2.tgz",
          "bundled": true
        },
        "setprototypeof": {
          "version": "https://registry.npm.taobao.org/setprototypeof/download/setprototypeof-1.1.0.tgz",
          "bundled": true
        },
        "statuses": {
          "version": "https://registry.npm.taobao.org/statuses/download/statuses-1.4.0.tgz?cache=0&sync_timestamp=1609654060878&other_urls=https%3A%2F%2Fregistry.npm.taobao.org%2Fstatuses%2Fdownload%2Fstatuses-1.4.0.tgz",
          "bundled": true
        },
        "type-is": {
          "version": "https://registry.npm.taobao.org/type-is/download/type-is-1.6.18.tgz",
          "bundled": true,
          "dependencies": {
            "media-typer": {
              "version": "https://registry.npm.taobao.org/media-typer/download/media-typer-0.3.0.tgz",
              "bundled": true
            },
            "mime-types": {
              "version": "https://registry.npm.taobao.org/mime-types/download/mime-types-2.1.29.tgz",
              "bundled": true,
              "dependencies": {
                "mime-db": {
                  "version": "https://registry.npm.taobao.org/mime-db/download/mime-db-1.46.0.tgz",
                  "bundled": true
                }
              }
            }
          }
        },
        "utils-merge": {
          "version": "https://registry.npm.taobao.org/utils-merge/download/utils-merge-1.0.1.tgz",
          "bundled": true
        },
        "vary": {
          "version": "https://registry.npm.taobao.org/vary/download/vary-1.1.2.tgz",
          "bundled": true
        }
      }
    },
    "express-jwt": {
      "version": "6.0.0",
      "resolved": "https://registry.npm.taobao.org/express-jwt/download/express-jwt-6.0.0.tgz",
      "dev": true,
      "requires": {
        "jsonwebtoken": "^8.1.0"
      },
      "dependencies": {
        "async": {
          "version": "https://registry.npm.taobao.org/async/download/async-1.5.2.tgz"
        },
        "express-unless": {
          "version": "https://registry.npm.taobao.org/express-unless/download/express-unless-0.3.1.tgz"
        },
        "jsonwebtoken": {
          "version": "https://registry.npm.taobao.org/jsonwebtoken/download/jsonwebtoken-8.5.1.tgz"
        },
        "lodash.set": {
          "version": "https://registry.npm.taobao.org/lodash.set/download/lodash.set-4.3.2.tgz"
        }
      }
    },
    "html-to-md": {
      "version": "0.3.9",
      "resolved": "https://registry.npm.taobao.org/html-to-md/download/html-to-md-0.3.9.tgz",
      "dev": true
    },
    "http-errors": {
      "version": "1.6.3",
      "resolved": "https://registry.npm.taobao.org/http-errors/download/http-errors-1.6.3.tgz",
      "dependencies": {
        "depd": {
          "version": "https://registry.npm.taobao.org/depd/download/depd-1.1.2.tgz"
        },
        "inherits": {
          "version": "https://registry.npm.taobao.org/inherits/download/inherits-2.0.3.tgz"
        },
        "setprototypeof": {
          "version": "https://registry.npm.taobao.org/setprototypeof/download/setprototypeof-1.1.0.tgz"
        },
        "statuses": {
          "version": "https://registry.npm.taobao.org/statuses/download/statuses-1.5.0.tgz?cache=0&sync_timestamp=1609654060878&other_urls=https%3A%2F%2Fregistry.npm.taobao.org%2Fstatuses%2Fdownload%2Fstatuses-1.5.0.tgz"
        }
      }
    },
    "jsonwebtoken": {
      "version": "8.5.1",
      "resolved": "https://registry.npm.taobao.org/jsonwebtoken/download/jsonwebtoken-8.5.1.tgz",
      "dev": true,
      "dependencies": {
        "jws": {
          "version": "https://registry.npm.taobao.org/jws/download/jws-3.2.2.tgz",
          "bundled": true
        },
        "lodash.includes": {
          "version": "https://registry.npm.taobao.org/lodash.includes/download/lodash.includes-4.3.0.tgz",
          "bundled": true
        },
        "lodash.isboolean": {
          "version": "https://registry.npm.taobao.org/lodash.isboolean/download/lodash.isboolean-3.0.3.tgz",
          "bundled": true
        },
        "lodash.isinteger": {
          "version": "https://registry.npm.taobao.org/lodash.isinteger/download/lodash.isinteger-4.0.4.tgz",
          "bundled": true
        },
        "lodash.isnumber": {
          "version": "https://registry.npm.taobao.org/lodash.isnumber/download/lodash.isnumber-3.0.3.tgz",
          "bundled": true
        },
        "lodash.isplainobject": {
          "version": "https://registry.npm.taobao.org/lodash.isplainobject/download/lodash.isplainobject-4.0.6.tgz",
          "bundled": true
        },
        "lodash.isstring": {
          "version": "https://registry.npm.taobao.org/lodash.isstring/download/lodash.isstring-4.0.1.tgz",
          "bundled": true
        },
        "lodash.once": {
          "version": "https://registry.npm.taobao.org/lodash.once/download/lodash.once-4.1.1.tgz",
          "bundled": true
        },
        "ms": {
          "version": "https://registry.npm.taobao.org/ms/download/ms-2.1.3.tgz?cache=0&sync_timestamp=1607433912031&other_urls=https%3A%2F%2Fregistry.npm.taobao.org%2Fms%2Fdownload%2Fms-2.1.3.tgz",
          "bundled": true
        },
        "semver": {
          "version": "https://registry.npm.taobao.org/semver/download/semver-5.7.1.tgz?cache=0&sync_timestamp=1606854311104&other_urls=https%3A%2F%2Fregistry.npm.taobao.org%2Fsemver%2Fdownload%2Fsemver-5.7.1.tgz",
          "bundled": true
        }
      }
    },
    "morgan": {
      "version": "1.9.1",
      "resolved": "https://registry.npm.taobao.org/morgan/download/morgan-1.9.1.tgz",
      "requires": {
        "debug": "2.6.9"
      },
      "dependencies": {
        "basic-auth": {
          "version": "https://registry.npm.taobao.org/basic-auth/download/basic-auth-2.0.1.tgz",
          "bundled": true
        },
        "debug": {
          "version": "https://registry.npm.taobao.org/debug/download/debug-2.6.9.tgz?cache=0&sync_timestamp=1607566548985&other_urls=https%3A%2F%2Fregistry.npm.taobao.org%2Fdebug%2Fdownload%2Fdebug-2.6.9.tgz",
          "bundled": true,
          "dependencies": {
            "ms": {
              "version": "https://registry.npm.taobao.org/ms/download/ms-2.0.0.tgz?cache=0&sync_timestamp=1607433912031&other_urls=https%3A%2F%2Fregistry.npm.taobao.org%2Fms%2Fdownload%2Fms-2.0.0.tgz",
              "bundled": true
            }
          }
        },
        "depd": {
          "version": "https://registry.npm.taobao.org/depd/download/depd-1.1.2.tgz",
          "bundled": true
        },
        "on-finished": {
          "version": "https://registry.npm.taobao.org/on-finished/download/on-finished-2.3.0.tgz",
          "bundled": true,
          "dependencies": {
            "ee-first": {
              "version": "https://registry.npm.taobao.org/ee-first/download/ee-first-1.1.1.tgz"
            }
          }
        },
        "on-headers": {
          "version": "https://registry.npm.taobao.org/on-headers/download/on-headers-1.0.2.tgz",
          "bundled": true
        }
      }
    },
    "multer": {
      "version": "1.4.2",
      "resolved": "https://registry.npm.taobao.org/multer/download/multer-1.4.2.tgz",
      "dev": true,
      "dependencies": {
        "append-field": {
          "version": "https://registry.npm.taobao.org/append-field/download/append-field-1.0.0.tgz"
        },
        "busboy": {
          "version": "https://registry.npm.taobao.org/busboy/download/busboy-0.2.14.tgz"
        },
        "concat-stream": {
          "version": "https://registry.npm.taobao.org/concat-stream/download/concat-stream-1.6.2.tgz",
          "dependencies": {
            "buffer-from": {
              "version": "https://registry.npm.taobao.org/buffer-from/download/buffer-from-1.1.1.tgz"
            },
            "inherits": {
              "version": "https://registry.npm.taobao.org/inherits/download/inherits-2.0.4.tgz"
            },
            "readable-stream": {
              "version": "https://registry.npm.taobao.org/readable-stream/download/readable-stream-2.3.7.tgz",
              "dependencies": {
                "core-util-is": {
                  "version": "https://registry.npm.taobao.org/core-util-is/download/core-util-is-1.0.2.tgz"
                },
                "inherits": {
                  "version": "https://registry.npm.taobao.org/inherits/download/inherits-2.0.4.tgz"
                },
                "isarray": {
                  "version": "https://registry.npm.taobao.org/isarray/download/isarray-1.0.0.tgz"
                },
                "process-nextick-args": {
                  "version": "https://registry.npm.taobao.org/process-nextick-args/download/process-nextick-args-2.0.1.tgz"
                },
                "safe-buffer": {
                  "version": "https://registry.npm.taobao.org/safe-buffer/download/safe-buffer-5.1.2.tgz"
                },
                "string_decoder": {
                  "version": "https://registry.npm.taobao.org/string_decoder/download/string_decoder-1.1.1.tgz"
                },
                "util-deprecate": {
                  "version": "https://registry.npm.taobao.org/util-deprecate/download/util-deprecate-1.0.2.tgz?cache=0&other_urls=https%3A%2F%2Fregistry.npm.taobao.org%2Futil-deprecate%2Fdownload%2Futil-deprecate-1.0.2.tgz"
                }
              }
            },
            "typedarray": {
              "version": "https://registry.npm.taobao.org/typedarray/download/typedarray-0.0.6.tgz"
            }
          }
        },
        "mkdirp": {
          "version": "https://registry.npm.taobao.org/mkdirp/download/mkdirp-0.5.5.tgz?cache=0&sync_timestamp=1587535418745&other_urls=https%3A%2F%2Fregistry.npm.taobao.org%2Fmkdirp%2Fdownload%2Fmkdirp-0.5.5.tgz"
        },
        "object-assign": {
          "version": "https://registry.npm.taobao.org/object-assign/download/object-assign-4.1.1.tgz"
        },
        "on-finished": {
          "version": "https://registry.npm.taobao.org/on-finished/download/on-finished-2.3.0.tgz"
        },
        "type-is": {
          "version": "https://registry.npm.taobao.org/type-is/download/type-is-1.6.18.tgz",
          "dependencies": {
            "media-typer": {
              "version": "https://registry.npm.taobao.org/media-typer/download/media-typer-0.3.0.tgz",
              "bundled": true
            },
            "mime-types": {
              "version": "https://registry.npm.taobao.org/mime-types/download/mime-types-2.1.29.tgz",
              "bundled": true,
              "dependencies": {}
            }
          }
        },
        "xtend": {
          "version": "https://registry.npm.taobao.org/xtend/download/xtend-4.0.2.tgz"
        }
      }
    },
    "mysql2": {
      "version": "2.2.5",
      "resolved": "https://registry.npm.taobao.org/mysql2/download/mysql2-2.2.5.tgz",
      "dependencies": {
        "denque": {
          "version": "https://registry.npm.taobao.org/denque/download/denque-1.5.0.tgz",
          "bundled": true
        },
        "generate-function": {
          "version": "https://registry.npm.taobao.org/generate-function/download/generate-function-2.3.1.tgz",
          "bundled": true
        },
        "iconv-lite": {
          "version": "https://registry.npm.taobao.org/iconv-lite/download/iconv-lite-0.6.2.tgz",
          "bundled": true
        },
        "long": {
          "version": "https://registry.npm.taobao.org/long/download/long-4.0.0.tgz",
          "bundled": true
        },
        "lru-cache": {
          "version": "https://registry.npm.taobao.org/lru-cache/download/lru-cache-6.0.0.tgz",
          "bundled": true,
          "dependencies": {
            "yallist": {
              "version": "https://registry.npm.taobao.org/yallist/download/yallist-4.0.0.tgz"
            }
          }
        },
        "named-placeholders": {
          "version": "https://registry.npm.taobao.org/named-placeholders/download/named-placeholders-1.1.2.tgz",
          "bundled": true
        },
        "seq-queue": {
          "version": "https://registry.npm.taobao.org/seq-queue/download/seq-queue-0.0.5.tgz",
          "bundled": true
        },
        "sqlstring": {
          "version": "https://registry.npm.taobao.org/sqlstring/download/sqlstring-2.3.2.tgz",
          "bundled": true
        }
      }
    },
    "nodemon": {
      "version": "2.0.7",
      "resolved": "https://registry.npm.taobao.org/nodemon/download/nodemon-2.0.7.tgz?cache=0&sync_timestamp=1609943729709&other_urls=https%3A%2F%2Fregistry.npm.taobao.org%2Fnodemon%2Fdownload%2Fnodemon-2.0.7.tgz",
      "dev": true,
      "dependencies": {
        "chokidar": {
          "version": "https://registry.npm.taobao.org/chokidar/download/chokidar-3.5.1.tgz?cache=0&sync_timestamp=1610719380575&other_urls=https%3A%2F%2Fregistry.npm.taobao.org%2Fchokidar%2Fdownload%2Fchokidar-3.5.1.tgz"
        },
        "debug": {
          "version": "https://registry.npm.taobao.org/debug/download/debug-3.2.7.tgz?cache=0&sync_timestamp=1607566548985&other_urls=https%3A%2F%2Fregistry.npm.taobao.org%2Fdebug%2Fdownload%2Fdebug-3.2.7.tgz"
        },
        "ignore-by-default": {
          "version": "https://registry.npm.taobao.org/ignore-by-default/download/ignore-by-default-1.0.1.tgz"
        },
        "minimatch": {
          "version": "https://registry.npm.taobao.org/minimatch/download/minimatch-3.0.4.tgz"
        },
        "pstree.remy": {
          "version": "https://registry.npm.taobao.org/pstree.remy/download/pstree.remy-1.1.8.tgz"
        },
        "semver": {
          "version": "https://registry.npm.taobao.org/semver/download/semver-5.7.1.tgz?cache=0&sync_timestamp=1606854311104&other_urls=https%3A%2F%2Fregistry.npm.taobao.org%2Fsemver%2Fdownload%2Fsemver-5.7.1.tgz"
        },
        "supports-color": {
          "version": "https://registry.npm.taobao.org/supports-color/download/supports-color-5.5.0.tgz?cache=0&sync_timestamp=1611394043517&other_urls=https%3A%2F%2Fregistry.npm.taobao.org%2Fsupports-color%2Fdownload%2Fsupports-color-5.5.0.tgz"
        },
        "touch": {
          "version": "https://registry.npm.taobao.org/touch/download/touch-3.1.0.tgz"
        },
        "undefsafe": {
          "version": "https://registry.npm.taobao.org/undefsafe/download/undefsafe-2.0.3.tgz",
          "dependencies": {
            "debug": {
              "version": "https://registry.npm.taobao.org/debug/download/debug-2.6.9.tgz?cache=0&sync_timestamp=1607566548985&other_urls=https%3A%2F%2Fregistry.npm.taobao.org%2Fdebug%2Fdownload%2Fdebug-2.6.9.tgz",
              "bundled": true,
              "dependencies": {
                "ms": {
                  "version": "https://registry.npm.taobao.org/ms/download/ms-2.0.0.tgz?cache=0&sync_timestamp=1607433912031&other_urls=https%3A%2F%2Fregistry.npm.taobao.org%2Fms%2Fdownload%2Fms-2.0.0.tgz",
                  "bundled": true
                }
              }
            }
          }
        },
        "update-notifier": {
          "version": "https://registry.npm.taobao.org/update-notifier/download/update-notifier-4.1.3.tgz?cache=0&sync_timestamp=1612085635939&other_urls=https%3A%2F%2Fregistry.npm.taobao.org%2Fupdate-notifier%2Fdownload%2Fupdate-notifier-4.1.3.tgz"
        }
      }
    },
    "redis": {
      "version": "3.0.2",
      "resolved": "https://registry.npm.taobao.org/redis/download/redis-3.0.2.tgz",
      "integrity": "sha1-vUcGe4pKPmouVW5X9xzILHNgFQo=",
      "dev": true,
      "requires": {
        "denque": "^1.4.1",
        "redis-commands": "^1.5.0",
        "redis-errors": "^1.2.0",
        "redis-parser": "^3.0.0"
      },
      "dependencies": {
        "denque": {
          "version": "1.5.0",
          "resolved": "https://registry.npm.taobao.org/denque/download/denque-1.5.0.tgz",
          "integrity": "sha1-dz3gaG/y2Owv+SkUMWpHtzscc94=",
          "dev": true
        },
        "redis-commands": {
          "version": "1.7.0",
          "resolved": "https://registry.npm.taobao.org/redis-commands/download/redis-commands-1.7.0.tgz",
          "integrity": "sha1-Fab+otWCgeJ7HNGs+0spPieMOok=",
          "dev": true
        },
        "redis-errors": {
          "version": "1.2.0",
          "resolved": "https://registry.npm.taobao.org/redis-errors/download/redis-errors-1.2.0.tgz",
          "integrity": "sha1-62LSrbFeTq9GEMBK/hUpOEJQq60=",
          "dev": true
        }
      }
    },
    "redis-parser": {
      "version": "3.0.0",
      "resolved": "https://registry.npm.taobao.org/redis-parser/download/redis-parser-3.0.0.tgz",
      "dev": true,
      "dependencies": {
        "redis-errors": {
          "version": "https://registry.npm.taobao.org/redis-errors/download/redis-errors-1.2.0.tgz",
          "bundled": true
        }
      }
    },
    "sequelize": {
      "version": "6.5.0",
      "resolved": "https://registry.npm.taobao.org/sequelize/download/sequelize-6.5.0.tgz",
      "dependencies": {
        "debug": {
          "version": "https://registry.npm.taobao.org/debug/download/debug-4.3.1.tgz?cache=0&sync_timestamp=1607566548985&other_urls=https%3A%2F%2Fregistry.npm.taobao.org%2Fdebug%2Fdownload%2Fdebug-4.3.1.tgz",
          "bundled": true,
          "dependencies": {
            "ms": {
              "version": "https://registry.npm.taobao.org/ms/download/ms-2.1.2.tgz?cache=0&sync_timestamp=1607433912031&other_urls=https%3A%2F%2Fregistry.npm.taobao.org%2Fms%2Fdownload%2Fms-2.1.2.tgz"
            }
          }
        },
        "dottie": {
          "version": "https://registry.npm.taobao.org/dottie/download/dottie-2.0.2.tgz",
          "bundled": true
        },
        "inflection": {
          "version": "https://registry.npm.taobao.org/inflection/download/inflection-1.12.0.tgz",
          "bundled": true
        },
        "lodash": {
          "version": "https://registry.npm.taobao.org/lodash/download/lodash-4.17.21.tgz",
          "bundled": true
        },
        "moment": {
          "version": "https://registry.npm.taobao.org/moment/download/moment-2.29.1.tgz?cache=0&sync_timestamp=1601983517363&other_urls=https%3A%2F%2Fregistry.npm.taobao.org%2Fmoment%2Fdownload%2Fmoment-2.29.1.tgz",
          "bundled": true
        },
        "moment-timezone": {
          "version": "https://registry.npm.taobao.org/moment-timezone/download/moment-timezone-0.5.33.tgz",
          "bundled": true
        },
        "retry-as-promised": {
          "version": "https://registry.npm.taobao.org/retry-as-promised/download/retry-as-promised-3.2.0.tgz",
          "bundled": true
        },
        "semver": {
          "version": "https://registry.npm.taobao.org/semver/download/semver-7.3.4.tgz?cache=0&sync_timestamp=1606854311104&other_urls=https%3A%2F%2Fregistry.npm.taobao.org%2Fsemver%2Fdownload%2Fsemver-7.3.4.tgz",
          "bundled": true
        },
        "sequelize-pool": {
          "version": "https://registry.npm.taobao.org/sequelize-pool/download/sequelize-pool-6.1.0.tgz",
          "bundled": true
        },
        "toposort-class": {
          "version": "https://registry.npm.taobao.org/toposort-class/download/toposort-class-1.0.1.tgz",
          "bundled": true
        },
        "uuid": {
          "version": "https://registry.npm.taobao.org/uuid/download/uuid-8.3.2.tgz?cache=0&sync_timestamp=1607460077975&other_urls=https%3A%2F%2Fregistry.npm.taobao.org%2Fuuid%2Fdownload%2Fuuid-8.3.2.tgz",
          "bundled": true
        },
        "validator": {
          "version": "https://registry.npm.taobao.org/validator/download/validator-10.11.0.tgz?cache=0&sync_timestamp=1607602757556&other_urls=https%3A%2F%2Fregistry.npm.taobao.org%2Fvalidator%2Fdownload%2Fvalidator-10.11.0.tgz",
          "bundled": true
        },
        "wkx": {
          "version": "https://registry.npm.taobao.org/wkx/download/wkx-0.5.0.tgz",
          "bundled": true
        }
      }
    }
  }
}
